
Microsoft Visual Studio Solution File, Format Version 12.00
# Visual Studio 14
VisualStudioVersion = 14.0.25420.1
MinimumVisualStudioVersion = 10.0.40219.1
Project("{FAE04EC0-301F-11D3-BF4B-00C04F79EFBC}") = "ST.ConsoleApp", "SalesTaxes\ST.ConsoleApp.csproj", "{1F1D1926-297D-400D-95C7-9334B253DD1A}"
EndProject
Project("{FAE04EC0-301F-11D3-BF4B-00C04F79EFBC}") = "ST.BusinessLogic.Tests", "UnitTests\ST.BusinessLogic.Tests.csproj", "{808957DC-426C-4B28-8EF2-4A2DE04D1E20}"
EndProject
Project("{FAE04EC0-301F-11D3-BF4B-00C04F79EFBC}") = "ST.BusinessLogic", "ST.BusinessLogic\ST.BusinessLogic.csproj", "{A363403A-3C69-4504-89B3-48CD8425F376}"
EndProject
Project("{FAE04EC0-301F-11D3-BF4B-00C04F79EFBC}") = "ST.Common", "ST.Common\ST.Common.csproj", "{3C6633A1-CF27-4706-A907-E5B733BBA9A6}"
EndProject
Global
	GlobalSection(SolutionConfigurationPlatforms) = preSolution
		Debug|Any CPU = Debug|Any CPU
		Release|Any CPU = Release|Any CPU
	EndGlobalSection
	GlobalSection(ProjectConfigurationPlatforms) = postSolution
		{1F1D1926-297D-400D-95C7-9334B253DD1A}.Debug|Any CPU.ActiveCfg = Debug|Any CPU
		{1F1D1926-297D-400D-95C7-9334B253DD1A}.Debug|Any CPU.Build.0 = Debug|Any CPU
		{1F1D1926-297D-400D-95C7-9334B253DD1A}.Release|Any CPU.ActiveCfg = Release|Any CPU
		{1F1D1926-297D-400D-95C7-9334B253DD1A}.Release|Any CPU.Build.0 = Release|Any CPU
		{808957DC-426C-4B28-8EF2-4A2DE04D1E20}.Debug|Any CPU.ActiveCfg = Debug|Any CPU
		{808957DC-426C-4B28-8EF2-4A2DE04D1E20}.Debug|Any CPU.Build.0 = Debug|Any CPU
		{808957DC-426C-4B28-8EF2-4A2DE04D1E20}.Release|Any CPU.ActiveCfg = Release|Any CPU
		{808957DC-426C-4B28-8EF2-4A2DE04D1E20}.Release|Any CPU.Build.0 = Release|Any CPU
		{A363403A-3C69-4504-89B3-48CD8425F376}.Debug|Any CPU.ActiveCfg = Debug|Any CPU
		{A363403A-3C69-4504-89B3-48CD8425F376}.Debug|Any CPU.Build.0 = Debug|Any CPU
		{A363403A-3C69-4504-89B3-48CD8425F376}.Release|Any CPU.ActiveCfg = Release|Any CPU
		{A363403A-3C69-4504-89B3-48CD8425F376}.Release|Any CPU.Build.0 = Release|Any CPU
		{3C6633A1-CF27-4706-A907-E5B733BBA9A6}.Debug|Any CPU.ActiveCfg = Debug|Any CPU
		{3C6633A1-CF27-4706-A907-E5B733BBA9A6}.Debug|Any CPU.Build.0 = Debug|Any CPU
		{3C6633A1-CF27-4706-A907-E5B733BBA9A6}.Release|Any CPU.ActiveCfg = Release|Any CPU
		{3C6633A1-CF27-4706-A907-E5B733BBA9A6}.Release|Any CPU.Build.0 = Release|Any CPU
	EndGlobalSection
	GlobalSection(SolutionProperties) = preSolution
		HideSolutionNode = FALSE
	EndGlobalSection
EndGlobal
